
Microsoft Visual Studio Solution File, Format Version 12.00
# Visual Studio Version 16
VisualStudioVersion = 16.0.28922.388
MinimumVisualStudioVersion = 10.0.40219.1
Project("{FAE04EC0-301F-11D3-BF4B-00C04F79EFBC}") = "HashTables", "HashTables\HashTables.csproj", "{5CA6EE31-793A-4771-9C22-BFFCB900D682}"
EndProject
Project("{FAE04EC0-301F-11D3-BF4B-00C04F79EFBC}") = "HashTablesTests", "HashTablesTests\HashTablesTests.csproj", "{62633242-8654-460E-9745-EC120BDAFD0F}"
EndProject
Global
	GlobalSection(SolutionConfigurationPlatforms) = preSolution
		Debug|Any CPU = Debug|Any CPU
		Release|Any CPU = Release|Any CPU
	EndGlobalSection
	GlobalSection(ProjectConfigurationPlatforms) = postSolution
		{5CA6EE31-793A-4771-9C22-BFFCB900D682}.Debug|Any CPU.ActiveCfg = Debug|Any CPU
		{5CA6EE31-793A-4771-9C22-BFFCB900D682}.Debug|Any CPU.Build.0 = Debug|Any CPU
		{5CA6EE31-793A-4771-9C22-BFFCB900D682}.Release|Any CPU.ActiveCfg = Release|Any CPU
		{5CA6EE31-793A-4771-9C22-BFFCB900D682}.Release|Any CPU.Build.0 = Release|Any CPU
		{62633242-8654-460E-9745-EC120BDAFD0F}.Debug|Any CPU.ActiveCfg = Debug|Any CPU
		{62633242-8654-460E-9745-EC120BDAFD0F}.Debug|Any CPU.Build.0 = Debug|Any CPU
		{62633242-8654-460E-9745-EC120BDAFD0F}.Release|Any CPU.ActiveCfg = Release|Any CPU
		{62633242-8654-460E-9745-EC120BDAFD0F}.Release|Any CPU.Build.0 = Release|Any CPU
	EndGlobalSection
	GlobalSection(SolutionProperties) = preSolution
		HideSolutionNode = FALSE
	EndGlobalSection
	GlobalSection(ExtensibilityGlobals) = postSolution
		SolutionGuid = {655B5319-2E19-4DFD-A785-BC6E6B294C63}
	EndGlobalSection
EndGlobal
